
Microsoft Visual Studio Solution File, Format Version 12.00
# Visual Studio 15
VisualStudioVersion = 15.0.26730.16
MinimumVisualStudioVersion = 10.0.40219.1
Project("{FAE04EC0-301F-11D3-BF4B-00C04F79EFBC}") = "EquationSolverNamespace", "EquationSolver\EquationSolverNamespace.csproj", "{BF5F7172-A39E-4E8F-A93A-016E6202CD39}"
EndProject
Project("{FAE04EC0-301F-11D3-BF4B-00C04F79EFBC}") = "EquationSolverUnitTestProject", "UnitTestProject1\EquationSolverUnitTestProject.csproj", "{881595A4-2DB8-4B5A-B471-37982DF56EE0}"
EndProject
Global
	GlobalSection(SolutionConfigurationPlatforms) = preSolution
		Debug|Any CPU = Debug|Any CPU
		Release|Any CPU = Release|Any CPU
	EndGlobalSection
	GlobalSection(ProjectConfigurationPlatforms) = postSolution
		{BF5F7172-A39E-4E8F-A93A-016E6202CD39}.Debug|Any CPU.ActiveCfg = Debug|Any CPU
		{BF5F7172-A39E-4E8F-A93A-016E6202CD39}.Debug|Any CPU.Build.0 = Debug|Any CPU
		{BF5F7172-A39E-4E8F-A93A-016E6202CD39}.Release|Any CPU.ActiveCfg = Release|Any CPU
		{BF5F7172-A39E-4E8F-A93A-016E6202CD39}.Release|Any CPU.Build.0 = Release|Any CPU
		{881595A4-2DB8-4B5A-B471-37982DF56EE0}.Debug|Any CPU.ActiveCfg = Debug|Any CPU
		{881595A4-2DB8-4B5A-B471-37982DF56EE0}.Debug|Any CPU.Build.0 = Debug|Any CPU
		{881595A4-2DB8-4B5A-B471-37982DF56EE0}.Release|Any CPU.ActiveCfg = Release|Any CPU
		{881595A4-2DB8-4B5A-B471-37982DF56EE0}.Release|Any CPU.Build.0 = Release|Any CPU
	EndGlobalSection
	GlobalSection(SolutionProperties) = preSolution
		HideSolutionNode = FALSE
	EndGlobalSection
	GlobalSection(ExtensibilityGlobals) = postSolution
		SolutionGuid = {7FAE2D89-4C7D-4582-BE42-13EF7B019F75}
	EndGlobalSection
EndGlobal
